
Microsoft Visual Studio Solution File, Format Version 12.00
# Visual Studio Version 17
VisualStudioVersion = 17.4.33213.308
MinimumVisualStudioVersion = 10.0.40219.1
Project("{FAE04EC0-301F-11D3-BF4B-00C04F79EFBC}") = "HP3", "HP3\HP3.csproj", "{B191289E-C3C8-4D02-83B5-276FD80AF5D0}"
EndProject
Global
	GlobalSection(SolutionConfigurationPlatforms) = preSolution
		Debug|Any CPU = Debug|Any CPU
		Release|Any CPU = Release|Any CPU
	EndGlobalSection
	GlobalSection(ProjectConfigurationPlatforms) = postSolution
		{B191289E-C3C8-4D02-83B5-276FD80AF5D0}.Debug|Any CPU.ActiveCfg = Debug|Any CPU
		{B191289E-C3C8-4D02-83B5-276FD80AF5D0}.Debug|Any CPU.Build.0 = Debug|Any CPU
		{B191289E-C3C8-4D02-83B5-276FD80AF5D0}.Release|Any CPU.ActiveCfg = Release|Any CPU
		{B191289E-C3C8-4D02-83B5-276FD80AF5D0}.Release|Any CPU.Build.0 = Release|Any CPU
	EndGlobalSection
	GlobalSection(SolutionProperties) = preSolution
		HideSolutionNode = FALSE
	EndGlobalSection
	GlobalSection(ExtensibilityGlobals) = postSolution
		SolutionGuid = {430E8D5D-375C-40ED-9402-2E61A8A28AEA}
	EndGlobalSection
EndGlobal
